
Microsoft Visual Studio Solution File, Format Version 12.00
# Visual Studio 2013
VisualStudioVersion = 12.0.21005.1
MinimumVisualStudioVersion = 10.0.40219.1
Project("{FAE04EC0-301F-11D3-BF4B-00C04F79EFBC}") = "Folding", "FoldingLayout\Folding.csproj", "{F083E288-2E6B-463E-AFA6-2371AAC69ACC}"
EndProject
Project("{FAE04EC0-301F-11D3-BF4B-00C04F79EFBC}") = "Sample", "Sample\Sample.csproj", "{7604DB0E-8EB8-43E0-BEDB-CB57965E5744}"
EndProject
Global
	GlobalSection(SolutionConfigurationPlatforms) = preSolution
		Debug|Any CPU = Debug|Any CPU
		Release|Any CPU = Release|Any CPU
	EndGlobalSection
	GlobalSection(ProjectConfigurationPlatforms) = postSolution
		{F083E288-2E6B-463E-AFA6-2371AAC69ACC}.Debug|Any CPU.ActiveCfg = Debug|Any CPU
		{F083E288-2E6B-463E-AFA6-2371AAC69ACC}.Debug|Any CPU.Build.0 = Debug|Any CPU
		{F083E288-2E6B-463E-AFA6-2371AAC69ACC}.Release|Any CPU.ActiveCfg = Release|Any CPU
		{F083E288-2E6B-463E-AFA6-2371AAC69ACC}.Release|Any CPU.Build.0 = Release|Any CPU
		{7604DB0E-8EB8-43E0-BEDB-CB57965E5744}.Debug|Any CPU.ActiveCfg = Debug|Any CPU
		{7604DB0E-8EB8-43E0-BEDB-CB57965E5744}.Debug|Any CPU.Build.0 = Debug|Any CPU
		{7604DB0E-8EB8-43E0-BEDB-CB57965E5744}.Debug|Any CPU.Deploy.0 = Debug|Any CPU
		{7604DB0E-8EB8-43E0-BEDB-CB57965E5744}.Release|Any CPU.ActiveCfg = Release|Any CPU
		{7604DB0E-8EB8-43E0-BEDB-CB57965E5744}.Release|Any CPU.Build.0 = Release|Any CPU
		{7604DB0E-8EB8-43E0-BEDB-CB57965E5744}.Release|Any CPU.Deploy.0 = Release|Any CPU
	EndGlobalSection
	GlobalSection(SolutionProperties) = preSolution
		HideSolutionNode = FALSE
	EndGlobalSection
EndGlobal
